
Microsoft Visual Studio Solution File, Format Version 12.00
# Visual Studio 15
VisualStudioVersion = 15.0.27428.2005
MinimumVisualStudioVersion = 10.0.40219.1
Project("{8BC9CEB8-8B4A-11D0-8D11-00A0C91BC942}") = "SDIDialog", "SDIDialog.vcxproj", "{B217103B-8ED9-4117-A930-775C7B948FC1}"
EndProject
Global
	GlobalSection(SolutionConfigurationPlatforms) = preSolution
		Debug|x64 = Debug|x64
		Debug|x86 = Debug|x86
		Release|x64 = Release|x64
		Release|x86 = Release|x86
	EndGlobalSection
	GlobalSection(ProjectConfigurationPlatforms) = postSolution
		{B217103B-8ED9-4117-A930-775C7B948FC1}.Debug|x64.ActiveCfg = Debug|x64
		{B217103B-8ED9-4117-A930-775C7B948FC1}.Debug|x64.Build.0 = Debug|x64
		{B217103B-8ED9-4117-A930-775C7B948FC1}.Debug|x86.ActiveCfg = Debug|Win32
		{B217103B-8ED9-4117-A930-775C7B948FC1}.Debug|x86.Build.0 = Debug|Win32
		{B217103B-8ED9-4117-A930-775C7B948FC1}.Release|x64.ActiveCfg = Release|x64
		{B217103B-8ED9-4117-A930-775C7B948FC1}.Release|x64.Build.0 = Release|x64
		{B217103B-8ED9-4117-A930-775C7B948FC1}.Release|x86.ActiveCfg = Release|Win32
		{B217103B-8ED9-4117-A930-775C7B948FC1}.Release|x86.Build.0 = Release|Win32
	EndGlobalSection
	GlobalSection(SolutionProperties) = preSolution
		HideSolutionNode = FALSE
	EndGlobalSection
	GlobalSection(ExtensibilityGlobals) = postSolution
		SolutionGuid = {F0A3997D-A9FE-4EC7-8485-93F0E3F8AA7A}
	EndGlobalSection
EndGlobal
